[[package]]
name = "arpeggio"
version = "1.10.2"
description = "Packrat parser interpreter"
category = "main"
optional = false
python-versions = "*"

[package.extras]
dev = ["wheel", "mkdocs", "mike", "twine"]
test = ["flake8", "coverage", "coveralls", "pytest"]

[[package]]
name = "click"
version = "7.1.2"
description = "Composable command line interface toolkit"
category = "main"
optional = false
python-versions = ">=2.7, !=3.0.*, !=3.1.*, !=3.2.*, !=3.3.*, !=3.4.*"

[[package]]
name = "colorama"
version = "0.4.4"
description = "Cross-platform colored terminal text."
category = "main"
optional = false
python-versions = ">=2.7, !=3.0.*, !=3.1.*, !=3.2.*, !=3.3.*, !=3.4.*"

[[package]]
name = "idp-engine"
version = "0.8.3"
description = "IDP-Z3 is a collection of software components implementing the Knowledge Base paradigm using the FO(.) language and a Z3 SMT solver."
category = "main"
optional = false
python-versions = ">=3.7,<4.0"

[package.dependencies]
Click = ">=7.0,<8.0"
pretty-errors = ">=1.2.19,<2.0.0"
sphinxcontrib-mermaid = "0.6.3"
textX = ">=2.1.0,<3.0.0"
z3-solver = "4.8.12.0"

[[package]]
name = "pretty-errors"
version = "1.2.24"
description = "Prettifies Python exception output to make it legible."
category = "main"
optional = false
python-versions = "*"

[package.dependencies]
colorama = "*"

[[package]]
name = "pyinstrument"
version = "3.4.2"
description = "Call stack profiler for Python. Shows you why your code is slow!"
category = "main"
optional = false
python-versions = ">=3.6"

[package.dependencies]
pyinstrument-cext = ">=0.2.2"

[[package]]
name = "pyinstrument-cext"
version = "0.2.4"
description = "A CPython extension supporting pyinstrument"
category = "main"
optional = false
python-versions = "*"

[[package]]
name = "pyyaml"
version = "5.4.1"
description = "YAML parser and emitter for Python"
category = "main"
optional = false
python-versions = ">=2.7, !=3.0.*, !=3.1.*, !=3.2.*, !=3.3.*, !=3.4.*, !=3.5.*"

[[package]]
name = "sphinxcontrib-mermaid"
version = "0.6.3"
description = "Mermaid diagrams in yours Sphinx powered docs"
category = "main"
optional = false
python-versions = "*"

[[package]]
name = "textx"
version = "2.3.0"
description = "Meta-language for DSL implementation inspired by Xtext"
category = "main"
optional = false
python-versions = "*"

[package.dependencies]
Arpeggio = ">=1.9.0"

[package.extras]
cli = ["click (>=7.0,<8.0)"]
dev = ["textx-dev", "click (>=7.0,<8.0)", "mkdocs", "mike", "twine"]
test = ["click (>=7.0,<8.0)", "flake8", "tox", "jinja2", "coverage", "coveralls", "pytest", "html5lib"]

[[package]]
name = "z3-solver"
version = "4.8.12.0"
description = "an efficient SMT solver library"
category = "main"
optional = false
python-versions = "*"

[metadata]
lock-version = "1.1"
python-versions = "^3.9"
content-hash = "bcf3c792f5e77b95052b3c388f3e1662e7f79761ee0efb1860f8cf02c5472867"

[metadata.files]
arpeggio = [
    {file = "Arpeggio-1.10.2-py2.py3-none-any.whl", hash = "sha256:fed68a1cb7f529cbd4d725597cc811b7506885fcdef17d4cdcf564341a1e210b"},
    {file = "Arpeggio-1.10.2.tar.gz", hash = "sha256:bfe349f252f82f82d84cb886f1d5081d1a31451e6045275e9f90b65d0daa06f1"},
]
click = [
    {file = "click-7.1.2-py2.py3-none-any.whl", hash = "sha256:dacca89f4bfadd5de3d7489b7c8a566eee0d3676333fbb50030263894c38c0dc"},
    {file = "click-7.1.2.tar.gz", hash = "sha256:d2b5255c7c6349bc1bd1e59e08cd12acbbd63ce649f2588755783aa94dfb6b1a"},
]
colorama = [
    {file = "colorama-0.4.4-py2.py3-none-any.whl", hash = "sha256:9f47eda37229f68eee03b24b9748937c7dc3868f906e8ba69fbcbdd3bc5dc3e2"},
    {file = "colorama-0.4.4.tar.gz", hash = "sha256:5941b2b48a20143d2267e95b1c2a7603ce057ee39fd88e7329b0c292aa16869b"},
]
idp-engine = [
    {file = "idp-engine-0.8.3.tar.gz", hash = "sha256:f9c05a95ed748a9fbde562dfbaa5b665122e2e127cf47dac643112fcd43184e5"},
    {file = "idp_engine-0.8.3-py3-none-any.whl", hash = "sha256:3bc9cb561bee3f703735ba32a44e23b0486cb5ce8499e5677c2ae44e2d4c50b6"},
]
pretty-errors = [
    {file = "pretty_errors-1.2.24-py3-none-any.whl", hash = "sha256:4a66b50dd2eecd22f301ff64a454ab2e6f2565d70982026a86a1569d174abcc1"},
    {file = "pretty_errors-1.2.24.tar.gz", hash = "sha256:7c5be4f082b3f6319d856683eb0ecf44b416e09853996c57cd85fabc18d31b45"},
]
pyinstrument = [
    {file = "pyinstrument-3.4.2-py2.py3-none-any.whl", hash = "sha256:76aae9a43e949af65baf3a2268144cce914bc8f1f524dcaeb68deba9bd0e24f6"},
    {file = "pyinstrument-3.4.2.tar.gz", hash = "sha256:ec79f6fc6f945edd845b1c8b6470de8cb6f65a3cbb3845c533991619ffcb1636"},
]
pyinstrument-cext = [
    {file = "pyinstrument_cext-0.2.4-cp27-cp27m-macosx_10_9_x86_64.whl", hash = "sha256:c60e519708e9d493de16589e1d48a4641a4dc8cbddfe3bc49b3746f99e530b95"},
    {file = "pyinstrument_cext-0.2.4-cp27-cp27m-manylinux1_i686.whl", hash = "sha256:0709aa81b51195b2d638efd0432597bfb02a45df25a933e739342fc655ed677d"},
    {file = "pyinstrument_cext-0.2.4-cp27-cp27m-manylinux1_x86_64.whl", hash = "sha256:46ac6235604520f30f0c55214beeb687a8a13e9abc5306fcd797a77bef3a233f"},
    {file = "pyinstrument_cext-0.2.4-cp27-cp27m-manylinux2010_i686.whl", hash = "sha256:fe2eaf64e09b59c7579c775fd3ec075a0728d9be55eef673b2cdb35531b4005b"},
    {file = "pyinstrument_cext-0.2.4-cp27-cp27m-manylinux2010_x86_64.whl", hash = "sha256:f94a731013010e72beee0f8c9277a23da896427600a320ee619051a97e81533e"},
    {file = "pyinstrument_cext-0.2.4-cp27-cp27m-win32.whl", hash = "sha256:1c1478a276324e760bf6fd7f5cd27068b93e53b8b2aa1bb007fa67cde18cb533"},
    {file = "pyinstrument_cext-0.2.4-cp27-cp27m-win_amd64.whl", hash = "sha256:514088c158e334a48e6c5bd1d598a9da58997d511b570b4af165b74c82e9b641"},
    {file = "pyinstrument_cext-0.2.4-cp27-cp27mu-manylinux1_i686.whl", hash = "sha256:7f891fe73d6b48dc74a6bce0d354e5342b6462ac464f130d5e9df97849ff39bb"},
    {file = "pyinstrument_cext-0.2.4-cp27-cp27mu-manylinux1_x86_64.whl", hash = "sha256:9a975ee1e20766c9946314594adab09f7454e69e5d49908500cf5cec3b430d32"},
    {file = "pyinstrument_cext-0.2.4-cp27-cp27mu-manylinux2010_i686.whl", hash = "sha256:0496c65daa9602d6397a57be3d8493131019db9c47b0e171933d4d7bd723142f"},
    {file = "pyinstrument_cext-0.2.4-cp27-cp27mu-manylinux2010_x86_64.whl", hash = "sha256:84c64a07dc5309ba518d2a49ad60d037a7eaeb5d369a2101059b611f3de49f22"},
    {file = "pyinstrument_cext-0.2.4-cp35-cp35m-macosx_10_9_x86_64.whl", hash = "sha256:12ff14b7612903db6649fb86915dc043c1bdae443cc0e35655675517ed7f93cf"},
    {file = "pyinstrument_cext-0.2.4-cp35-cp35m-manylinux1_i686.whl", hash = "sha256:1484d4a9087f53eb06b4a5e8be7513a19d5078367b0349dd4506eded4f274c69"},
    {file = "pyinstrument_cext-0.2.4-cp35-cp35m-manylinux1_x86_64.whl", hash = "sha256:8cb752a55ba6568a2184b6e0661a5568241f2e77b7b62ee0689bb83d22780a2b"},
    {file = "pyinstrument_cext-0.2.4-cp35-cp35m-manylinux2010_i686.whl", hash = "sha256:007bdf955d79fdc44b29bf10e21a411c600d11bbf9c4a3539ca1d94f5c9887e8"},
    {file = "pyinstrument_cext-0.2.4-cp35-cp35m-manylinux2010_x86_64.whl", hash = "sha256:1cb5ca06672951bee9f88c0758ba43110d0bb30a37225dbc1900cefccb3d7928"},
    {file = "pyinstrument_cext-0.2.4-cp35-cp35m-win32.whl", hash = "sha256:7976f462f00d4de1caaf11dfd0535dbbe8db86b4c2cc900e4b53a7b123777e73"},
    {file = "pyinstrument_cext-0.2.4-cp35-cp35m-win_amd64.whl", hash = "sha256:4e048fb074c232d3ac1de94c10a220a5ad4a7467e80074f7c79643264f6e1084"},
    {file = "pyinstrument_cext-0.2.4-cp36-cp36m-macosx_10_9_x86_64.whl", hash = "sha256:a36abcc4d05367911a84347b1702495ddbc926497c9a8a3478e228aa4865ece5"},
    {file = "pyinstrument_cext-0.2.4-cp36-cp36m-manylinux1_i686.whl", hash = "sha256:7fca6caf9591cd2e82dee5c859034b65bad1a58e231164099dbbd8c8dec8a2c1"},
    {file = "pyinstrument_cext-0.2.4-cp36-cp36m-manylinux1_x86_64.whl", hash = "sha256:c917947de242cd6aaece2740033e1cf6a214177b52632fa21163a656ed3b1ce5"},
    {file = "pyinstrument_cext-0.2.4-cp36-cp36m-manylinux2010_i686.whl", hash = "sha256:b0c6cc84f221853235f51f32dceaaa7753a9e95d47cd5820862fd1ed170a9e02"},
    {file = "pyinstrument_cext-0.2.4-cp36-cp36m-manylinux2010_x86_64.whl", hash = "sha256:ad9a268c4aade6c12146bb24fcdf80e4f014446845428f206c77327b274d7a44"},
    {file = "pyinstrument_cext-0.2.4-cp36-cp36m-win32.whl", hash = "sha256:e692afe758e6cd20f4bcb3bc0cac7ccdc67e3963d8d953ec27336614fa5d6552"},
    {file = "pyinstrument_cext-0.2.4-cp36-cp36m-win_amd64.whl", hash = "sha256:2352abfe89152050ad6637924de9d00a5e7be1173598a8322e0372d2aa1b9acf"},
    {file = "pyinstrument_cext-0.2.4-cp37-cp37m-macosx_10_9_x86_64.whl", hash = "sha256:a3c74954a4ae618e4f4fe8fc3817c6e4f97f8fe3f2991cac602314ebbae60db2"},
    {file = "pyinstrument_cext-0.2.4-cp37-cp37m-manylinux1_i686.whl", hash = "sha256:a6ee06f68c0e7fad5088c658d99b4711a8119b554940514e53239f3f24b5b1c1"},
    {file = "pyinstrument_cext-0.2.4-cp37-cp37m-manylinux1_x86_64.whl", hash = "sha256:a9a99d3ff1715f320f676c59d71b32624fd30c07b5c3fca559e042f2efe6492d"},
    {file = "pyinstrument_cext-0.2.4-cp37-cp37m-manylinux2010_i686.whl", hash = "sha256:4bbd2f99d70834a72cd1f4afdaf7150c36212e2db625add00bcdec738984acf8"},
    {file = "pyinstrument_cext-0.2.4-cp37-cp37m-manylinux2010_x86_64.whl", hash = "sha256:0f14f3d57ffeffa7f297dad14bc411463de6c1af5309abeb12ba8911c1ab91ec"},
    {file = "pyinstrument_cext-0.2.4-cp37-cp37m-win32.whl", hash = "sha256:931d8d0b5eeac63771fbef056fbe595615dab370fab2f0cc713ad2ce4b249166"},
    {file = "pyinstrument_cext-0.2.4-cp37-cp37m-win_amd64.whl", hash = "sha256:a94d60d4ceb168ce9564a95e837430f4de55faf3af7a831e644627c0ce3f3716"},
    {file = "pyinstrument_cext-0.2.4-cp38-cp38-macosx_10_9_x86_64.whl", hash = "sha256:a5ff7cb9a349f1b97d89e1ecbcfb4bc8945d8dac7372ecfb9c40270b3806e45c"},
    {file = "pyinstrument_cext-0.2.4-cp38-cp38-manylinux1_i686.whl", hash = "sha256:2ed6a661fc0626f6e29929b4ef7ec8d8e90ce1874fa5fe046b57949a09c47f45"},
    {file = "pyinstrument_cext-0.2.4-cp38-cp38-manylinux1_x86_64.whl", hash = "sha256:de6584e4ec0ec3fb7f6340c7ab02944b2d6eaff4bfbd0202badf17fc0b5d0dea"},
    {file = "pyinstrument_cext-0.2.4-cp38-cp38-manylinux2010_i686.whl", hash = "sha256:6a0dda3b9daca75646d4bcfbfb45c1ce97dab77c1beaa1e53289149519da6384"},
    {file = "pyinstrument_cext-0.2.4-cp38-cp38-manylinux2010_x86_64.whl", hash = "sha256:ca1e78c35cf187db0aaa1492cfd8d64d28195953d591cd5c43ab4bf68086433d"},
    {file = "pyinstrument_cext-0.2.4-cp38-cp38-win32.whl", hash = "sha256:6ee514618d88e66f44878dd52c52f6060ceaf06b74892ceb67a11b3670cf7117"},
    {file = "pyinstrument_cext-0.2.4-cp38-cp38-win_amd64.whl", hash = "sha256:77856dbe676a379eab84ea9a3b02fcffeeb7775d5085b3960f3ec215c4ce4126"},
    {file = "pyinstrument_cext-0.2.4-cp39-cp39-macosx_10_9_universal2.whl", hash = "sha256:f21cd1a16aee568246b53793cc4647ea717d1412f5d9ca08fd4d36d4230a702b"},
    {file = "pyinstrument_cext-0.2.4-cp39-cp39-macosx_10_9_x86_64.whl", hash = "sha256:0d5d7d24e4f1ea965b9e0d5a41da8ea0aa5231519a161052e1eda26750f5cb78"},
    {file = "pyinstrument_cext-0.2.4-cp39-cp39-manylinux1_i686.whl", hash = "sha256:fca2bb43ca64ce7802acb0fd59a64e519362419592b596dd573c09c5434ced7a"},
    {file = "pyinstrument_cext-0.2.4-cp39-cp39-manylinux1_x86_64.whl", hash = "sha256:39599fc80c4e64e12b1866582fbe92e31d7b0bd74a6a76b9a2e1a9341335960b"},
    {file = "pyinstrument_cext-0.2.4-cp39-cp39-manylinux2010_i686.whl", hash = "sha256:efcb68318c5a36ac9780f5481f4ac0b1e0e449b4033b9366d4c85bea3343d3b1"},
    {file = "pyinstrument_cext-0.2.4-cp39-cp39-manylinux2010_x86_64.whl", hash = "sha256:486d94fca17aa7d2eb36033859a3e75102ea28e98fa8ca37ce044f348ca30656"},
    {file = "pyinstrument_cext-0.2.4-cp39-cp39-win32.whl", hash = "sha256:59f3b50cc6754e6e96c829aa8fd8c4675cd53a45036934818a6a2722009b49c4"},
    {file = "pyinstrument_cext-0.2.4-cp39-cp39-win_amd64.whl", hash = "sha256:fe611732306651d0a10e99bbd1f174d4e0a0572b68b74f0673a5665146507a26"},
    {file = "pyinstrument_cext-0.2.4.tar.gz", hash = "sha256:79b29797209eebd441a8596accfa8b617445d9252fbf7ce75d3a4a0eb46cb877"},
]
pyyaml = [
    {file = "PyYAML-5.4.1-cp27-cp27m-macosx_10_9_x86_64.whl", hash = "sha256:3b2b1824fe7112845700f815ff6a489360226a5609b96ec2190a45e62a9fc922"},
    {file = "PyYAML-5.4.1-cp27-cp27m-win32.whl", hash = "sha256:129def1b7c1bf22faffd67b8f3724645203b79d8f4cc81f674654d9902cb4393"},
    {file = "PyYAML-5.4.1-cp27-cp27m-win_amd64.whl", hash = "sha256:4465124ef1b18d9ace298060f4eccc64b0850899ac4ac53294547536533800c8"},
    {file = "PyYAML-5.4.1-cp27-cp27mu-manylinux1_x86_64.whl", hash = "sha256:bb4191dfc9306777bc594117aee052446b3fa88737cd13b7188d0e7aa8162185"},
    {file = "PyYAML-5.4.1-cp36-cp36m-macosx_10_9_x86_64.whl", hash = "sha256:6c78645d400265a062508ae399b60b8c167bf003db364ecb26dcab2bda048253"},
    {file = "PyYAML-5.4.1-cp36-cp36m-manylinux1_x86_64.whl", hash = "sha256:4e0583d24c881e14342eaf4ec5fbc97f934b999a6828693a99157fde912540cc"},
    {file = "PyYAML-5.4.1-cp36-cp36m-win32.whl", hash = "sha256:3bd0e463264cf257d1ffd2e40223b197271046d09dadf73a0fe82b9c1fc385a5"},
    {file = "PyYAML-5.4.1-cp36-cp36m-win_amd64.whl", hash = "sha256:e4fac90784481d221a8e4b1162afa7c47ed953be40d31ab4629ae917510051df"},
    {file = "PyYAML-5.4.1-cp37-cp37m-macosx_10_9_x86_64.whl", hash = "sha256:5accb17103e43963b80e6f837831f38d314a0495500067cb25afab2e8d7a4018"},
    {file = "PyYAML-5.4.1-cp37-cp37m-manylinux1_x86_64.whl", hash = "sha256:e1d4970ea66be07ae37a3c2e48b5ec63f7ba6804bdddfdbd3cfd954d25a82e63"},
    {file = "PyYAML-5.4.1-cp37-cp37m-win32.whl", hash = "sha256:dd5de0646207f053eb0d6c74ae45ba98c3395a571a2891858e87df7c9b9bd51b"},
    {file = "PyYAML-5.4.1-cp37-cp37m-win_amd64.whl", hash = "sha256:08682f6b72c722394747bddaf0aa62277e02557c0fd1c42cb853016a38f8dedf"},
    {file = "PyYAML-5.4.1-cp38-cp38-macosx_10_9_x86_64.whl", hash = "sha256:d2d9808ea7b4af864f35ea216be506ecec180628aced0704e34aca0b040ffe46"},
    {file = "PyYAML-5.4.1-cp38-cp38-manylinux1_x86_64.whl", hash = "sha256:8c1be557ee92a20f184922c7b6424e8ab6691788e6d86137c5d93c1a6ec1b8fb"},
    {file = "PyYAML-5.4.1-cp38-cp38-win32.whl", hash = "sha256:fa5ae20527d8e831e8230cbffd9f8fe952815b2b7dae6ffec25318803a7528fc"},
    {file = "PyYAML-5.4.1-cp38-cp38-win_amd64.whl", hash = "sha256:0f5f5786c0e09baddcd8b4b45f20a7b5d61a7e7e99846e3c799b05c7c53fa696"},
    {file = "PyYAML-5.4.1-cp39-cp39-macosx_10_9_x86_64.whl", hash = "sha256:294db365efa064d00b8d1ef65d8ea2c3426ac366c0c4368d930bf1c5fb497f77"},
    {file = "PyYAML-5.4.1-cp39-cp39-manylinux1_x86_64.whl", hash = "sha256:74c1485f7707cf707a7aef42ef6322b8f97921bd89be2ab6317fd782c2d53183"},
    {file = "PyYAML-5.4.1-cp39-cp39-win32.whl", hash = "sha256:49d4cdd9065b9b6e206d0595fee27a96b5dd22618e7520c33204a4a3239d5b10"},
    {file = "PyYAML-5.4.1-cp39-cp39-win_amd64.whl", hash = "sha256:c20cfa2d49991c8b4147af39859b167664f2ad4561704ee74c1de03318e898db"},
    {file = "PyYAML-5.4.1.tar.gz", hash = "sha256:607774cbba28732bfa802b54baa7484215f530991055bb562efbed5b2f20a45e"},
]
sphinxcontrib-mermaid = [
    {file = "sphinxcontrib-mermaid-0.6.3.tar.gz", hash = "sha256:1f113f74231eeca492ef4e370ed2787a371f8aaedacbb2e25430da89016327e6"},
    {file = "sphinxcontrib_mermaid-0.6.3-py2.py3-none-any.whl", hash = "sha256:78b892d066802b32961e151fefebc6d042cee463ce1b18c832b209a0d479c115"},
]
textx = [
    {file = "textX-2.3.0-py2.py3-none-any.whl", hash = "sha256:f24aa485580ea5f81020b3a1af32760155f889a83490822e94159664c2bf5c8d"},
    {file = "textX-2.3.0.tar.gz", hash = "sha256:265afc12d4ae421a7794c8cdc58c6eed44cc879f078cb54c32d5dc6bc74efbac"},
]
z3-solver = [
    {file = "z3-solver-4.8.12.0.tar.gz", hash = "sha256:48f66e52d5b267e6df6fab9fccdefdf7e09a846d9e309bc2dccff983c27da612"},
    {file = "z3_solver-4.8.12.0-py2.py3-none-macosx_10_15_x86_64.whl", hash = "sha256:04f81a3a8705e3adaa348b945fc4a2e2981e0a718315760e774b7c5b0efe2d3a"},
    {file = "z3_solver-4.8.12.0-py2.py3-none-manylinux1_x86_64.whl", hash = "sha256:ffdbb89bc30befcef9b5cfb118d690b452320dccd44a6ae2f7b81caa369de042"},
    {file = "z3_solver-4.8.12.0-py2.py3-none-win32.whl", hash = "sha256:3efe49975945f4204ac13e1bd66555f4fab50906e476a927f4483ba9b61c38ef"},
    {file = "z3_solver-4.8.12.0-py2.py3-none-win_amd64.whl", hash = "sha256:2b8af223174b8229ca334637022b56c8f7545c6c04021b63d98beb83e757819c"},
]
